// !$*UTF8*$!
{
	archiveVersion = 1;
	classes = {
	};
	objectVersion = 46;
	objects = {

/* Begin PBXBuildFile section */
		219EC8791ECBE147006D1938 /* AppDelegate.swift in Sources */ = {isa = PBXBuildFile; fileRef = 219EC8781ECBE147006D1938 /* AppDelegate.swift */; };
		219EC87B1ECBE147006D1938 /* ViewController.swift in Sources */ = {isa = PBXBuildFile; fileRef = 219EC87A1ECBE147006D1938 /* ViewController.swift */; };
		219EC87E1ECBE147006D1938 /* Main.storyboard in Resources */ = {isa = PBXBuildFile; fileRef = 219EC87C1ECBE147006D1938 /* Main.storyboard */; };
		219EC8801ECBE147006D1938 /* Assets.xcassets in Resources */ = {isa = PBXBuildFile; fileRef = 219EC87F1ECBE147006D1938 /* Assets.xcassets */; };
		219EC8831ECBE147006D1938 /* LaunchScreen.storyboard in Resources */ = {isa = PBXBuildFile; fileRef = 219EC8811ECBE147006D1938 /* LaunchScreen.storyboard */; };
/* End PBXBuildFile section */

/* Begin PBXFileReference section */
		219EC8751ECBE147006D1938 /* TestAgain.app */ = {isa = PBXFileReference; explicitFileType = wrapper.application; includeInIndex = 0; path = TestAgain.app; sourceTree = BUILT_PRODUCTS_DIR; };
		219EC8781ECBE147006D1938 /* AppDelegate.swift */ = {isa = PBXFileReference; lastKnownFileType = sourcecode.swift; path = AppDelegate.swift; sourceTree = "<group>"; };
		219EC87A1ECBE147006D1938 /* ViewController.swift */ = {isa = PBXFileReference; lastKnownFileType = sourcecode.swift; path = ViewController.swift; sourceTree = "<group>"; };
		219EC87D1ECBE147006D1938 /* Base */ = {isa = PBXFileReference; lastKnownFileType = file.storyboard; name = Base; path = Base.lproj/Main.storyboard; sourceTree = "<group>"; };
		219EC87F1ECBE147006D1938 /* Assets.xcassets */ = {isa = PBXFileReference; lastKnownFileType = folder.assetcatalog; path = Assets.xcassets; sourceTree = "<group>"; };
		219EC8821ECBE147006D1938 /* Base */ = {isa = PBXFileReference; lastKnownFileType = file.storyboard; name = Base; path = Base.lproj/LaunchScreen.storyboard; sourceTree = "<group>"; };
		219EC8841ECBE147006D1938 /* Info.plist */ = {isa = PBXFileReference; lastKnownFileType = text.plist.xml; path = Info.plist; sourceTree = "<group>"; };
/* End PBXFileReference section */

/* Begin PBXFrameworksBuildPhase section */
		219EC8721ECBE147006D1938 /* Frameworks */ = {
			isa = PBXFrameworksBuildPhase;
			buildActionMask = 2147483647;
			files = (
			);
			runOnlyForDeploymentPostprocessing = 0;
		};
/* End PBXFrameworksBuildPhase section */

/* Begin PBXGroup section */
		219EC86C1ECBE147006D1938 = {
			isa = PBXGroup;
			children = (
				219EC8771ECBE147006D1938 /* TestAgain */,
				219EC8761ECBE147006D1938 /* Products */,
			);
			sourceTree = "<group>";
		};
		219EC8761ECBE147006D1938 /* Products */ = {
			isa = PBXGroup;
			children = (
				219EC8751ECBE147006D1938 /* TestAgain.app */,
			);
			name = Products;
			sourceTree = "<group>";
		};
		219EC8771ECBE147006D1938 /* TestAgain */ = {
			isa = PBXGroup;
			children = (
				219EC8781ECBE147006D1938 /* AppDelegate.swift */,
				219EC87A1ECBE147006D1938 /* ViewController.swift */,
				219EC87C1ECBE147006D1938 /* Main.storyboard */,
				219EC87F1ECBE147006D1938 /* Assets.xcassets */,
				219EC8811ECBE147006D1938 /* LaunchScreen.storyboard */,
				219EC8841ECBE147006D1938 /* Info.plist */,
			);
			path = TestAgain;
			sourceTree = "<group>";
		};
/* End PBXGroup section */

/* Begin PBXNativeTarget section */
		219EC8741ECBE147006D1938 /* TestAgain */ = {
			isa = PBXNativeTarget;
			buildConfigurationList = 219EC8871ECBE147006D1938 /* Build configuration list for PBXNativeTarget "TestAgain" */;
			buildPhases = (
				219EC8711ECBE147006D1938 /* Sources */,
				219EC8721ECBE147006D1938 /* Frameworks */,
				219EC8731ECBE147006D1938 /* Resources */,
			);
			buildRules = (
			);
			dependencies = (
			);
			name = TestAgain;
			productName = TestAgain;
			productReference = 219EC8751ECBE147006D1938 /* TestAgain.app */;
			productType = "com.apple.product-type.application";
		};
/* End PBXNativeTarget section */

/* Begin PBXProject section */
		219EC86D1ECBE147006D1938 /* Project object */ = {
			isa = PBXProject;
			attributes = {
				LastSwiftUpdateCheck = 0830;
				LastUpgradeCheck = 0830;
				ORGANIZATIONNAME = "Lachlan Smith";
				TargetAttributes = {
					219EC8741ECBE147006D1938 = {
						CreatedOnToolsVersion = 8.3.2;
						ProvisioningStyle = Automatic;
					};
				};
			};
			buildConfigurationList = 219EC8701ECBE147006D1938 /* Build configuration list for PBXProject "TestAgain" */;
			compatibilityVersion = "Xcode 3.2";
			developmentRegion = English;
			hasScannedForEncodings = 0;
			knownRegions = (
				en,
				Base,
			);
			mainGroup = 219EC86C1ECBE147006D1938;
			productRefGroup = 219EC8761ECBE147006D1938 /* Products */;
			projectDirPath = "";
			projectRoot = "";
			targets = (
				219EC8741ECBE147006D1938 /* TestAgain */,
			);
		};
/* End PBXProject section */

/* Begin PBXResourcesBuildPhase section */
		219EC8731ECBE147006D1938 /* Resources */ = {
			isa = PBXResourcesBuildPhase;
			buildActionMask = 2147483647;
			files = (
				219EC8831ECBE147006D1938 /* LaunchScreen.storyboard in Resources */,
				219EC8801ECBE147006D1938 /* Assets.xcassets in Resources */,
				219EC87E1ECBE147006D1938 /* Main.storyboard in Resources */,
			);
			runOnlyForDeploymentPostprocessing = 0;
		};
/* End PBXResourcesBuildPhase section */

/* Begin PBXSourcesBuildPhase section */
		219EC8711ECBE147006D1938 /* Sources */ = {
			isa = PBXSourcesBuildPhase;
			buildActionMask = 2147483647;
			files = (
				219EC87B1ECBE147006D1938 /* ViewController.swift in Sources */,
				219EC8791ECBE147006D1938 /* AppDelegate.swift in Sources */,
			);
			runOnlyForDeploymentPostprocessing = 0;
		};
/* End PBXSourcesBuildPhase section */

/* Begin PBXVariantGroup section */
		219EC87C1ECBE147006D1938 /* Main.storyboard */ = {
			isa = PBXVariantGroup;
			children = (
				219EC87D1ECBE147006D1938 /* Base */,
			);
			name = Main.storyboard;
			sourceTree = "<group>";
		};
		219EC8811ECBE147006D1938 /* LaunchScreen.storyboard */ = {
			isa = PBXVariantGroup;
			children = (
				219EC8821ECBE147006D1938 /* Base */,
			);
			name = LaunchScreen.storyboard;
			sourceTree = "<group>";
		};
/* End PBXVariantGroup section */

/* Begin XCBuildConfiguration section */
		219EC8851ECBE147006D1938 /* Debug */ = {
			isa = XCBuildConfiguration;
			buildSettings = {
				ALWAYS_SEARCH_USER_PATHS = NO;
				CLANG_ANALYZER_NONNULL = YES;
				CLANG_ANALYZER_NUMBER_OBJECT_CONVERSION = YES_AGGRESSIVE;
				CLANG_CXX_LANGUAGE_STANDARD = "gnu++0x";
				CLANG_CXX_LIBRARY = "libc++";
				CLANG_ENABLE_MODULES = YES;
				CLANG_ENABLE_OBJC_ARC = YES;
				CLANG_WARN_BOOL_CONVERSION = YES;
				CLANG_WARN_CONSTANT_CONVERSION = YES;
				CLANG_WARN_DIRECT_OBJC_ISA_USAGE = YES_ERROR;
				CLANG_WARN_DOCUMENTATION_COMMENTS = YES;
				CLANG_WARN_EMPTY_BODY = YES;
				CLANG_WARN_ENUM_CONVERSION = YES;
				CLANG_WARN_INFINITE_RECURSION = YES;
				CLANG_WARN_INT_CONVERSION = YES;
				CLANG_WARN_OBJC_ROOT_CLASS = YES_ERROR;
				CLANG_WARN_SUSPICIOUS_MOVE = YES;
				CLANG_WARN_UNREACHABLE_CODE = YES;
				CLANG_WARN__DUPLICATE_METHOD_MATCH = YES;
				"CODE_SIGN_IDENTITY[sdk=iphoneos*]" = "iPhone Developer";
				COPY_PHASE_STRIP = NO;
				DEBUG_INFORMATION_FORMAT = dwarf;
				ENABLE_STRICT_OBJC_MSGSEND = YES;
				ENABLE_TESTABILITY = YES;
				GCC_C_LANGUAGE_STANDARD = gnu99;
				GCC_DYNAMIC_NO_PIC = NO;
				GCC_NO_COMMON_BLOCKS = YES;
				GCC_OPTIMIZATION_LEVEL = 0;
				GCC_PREPROCESSOR_DEFINITIONS = (
					"DEBUG=1",
					"$(inherited)",
				);
				GCC_WARN_64_TO_32_BIT_CONVERSION = YES;
				GCC_WARN_ABOUT_RETURN_TYPE = YES_ERROR;
				GCC_WARN_UNDECLARED_SELECTOR = YES;
				GCC_WARN_UNINITIALIZED_AUTOS = YES_AGGRESSIVE;
				GCC_WARN_UNUSED_FUNCTION = YES;
				GCC_WARN_UNUSED_VARIABLE = YES;
				IPHONEOS_DEPLOYMENT_TARGET = 10.3;
				MTL_ENABLE_DEBUG_INFO = YES;
				ONLY_ACTIVE_ARCH = YES;
				SDKROOT = iphoneos;
				SWIFT_ACTIVE_COMPILATION_CONDITIONS = DEBUG;
				SWIFT_OPTIMIZATION_LEVEL = "-Onone";
				TARGETED_DEVICE_FAMILY = "1,2";
			};
			name = Debug;
		};
		219EC8861ECBE147006D1938 /* Release */ = {
			isa = XCBuildConfiguration;
			buildSettings = {
				ALWAYS_SEARCH_USER_PATHS = NO;
				CLANG_ANALYZER_NONNULL = YES;
				CLANG_ANALYZER_NUMBER_OBJECT_CONVERSION = YES_AGGRESSIVE;
				CLANG_CXX_LANGUAGE_STANDARD = "gnu++0x";
				CLANG_CXX_LIBRARY = "libc++";
				CLANG_ENABLE_MODULES = YES;
				CLANG_ENABLE_OBJC_ARC = YES;
				CLANG_WARN_BOOL_CONVERSION = YES;
				CLANG_WARN_CONSTANT_CONVERSION = YES;
				CLANG_WARN_DIRECT_OBJC_ISA_USAGE = YES_ERROR;
				CLANG_WARN_DOCUMENTATION_COMMENTS = YES;
				CLANG_WARN_EMPTY_BODY = YES;
				CLANG_WARN_ENUM_CONVERSION = YES;
				CLANG_WARN_INFINITE_RECURSION = YES;
				CLANG_WARN_INT_CONVERSION = YES;
				CLANG_WARN_OBJC_ROOT_CLASS = YES_ERROR;
				CLANG_WARN_SUSPICIOUS_MOVE = YES;
				CLANG_WARN_UNREACHABLE_CODE = YES;
				CLANG_WARN__DUPLICATE_METHOD_MATCH = YES;
				"CODE_SIGN_IDENTITY[sdk=iphoneos*]" = "iPhone Developer";
				COPY_PHASE_STRIP = NO;
				DEBUG_INFORMATION_FORMAT = "dwarf-with-dsym";
				ENABLE_NS_ASSERTIONS = NO;
				ENABLE_STRICT_OBJC_MSGSEND = YES;
				GCC_C_LANGUAGE_STANDARD = gnu99;
				GCC_NO_COMMON_BLOCKS = YES;
				GCC_WARN_64_TO_32_BIT_CONVERSION = YES;
				GCC_WARN_ABOUT_RETURN_TYPE = YES_ERROR;
				GCC_WARN_UNDECLARED_SELECTOR = YES;
				GCC_WARN_UNINITIALIZED_AUTOS = YES_AGGRESSIVE;
				GCC_WARN_UNUSED_FUNCTION = YES;
				GCC_WARN_UNUSED_VARIABLE = YES;
				IPHONEOS_DEPLOYMENT_TARGET = 10.3;
				MTL_ENABLE_DEBUG_INFO = NO;
				SDKROOT = iphoneos;
				SWIFT_OPTIMIZATION_LEVEL = "-Owholemodule";
				TARGETED_DEVICE_FAMILY = "1,2";
				VALIDATE_PRODUCT = YES;
			};
			name = Release;
		};
		219EC8881ECBE147006D1938 /* Debug */ = {
			isa = XCBuildConfiguration;
			buildSettings = {
				ASSETCATALOG_COMPILER_APPICON_NAME = AppIcon;
				INFOPLIST_FILE = TestAgain/Info.plist;
				LD_RUNPATH_SEARCH_PATHS = "$(inherited) @executable_path/Frameworks";
				PRODUCT_BUNDLE_IDENTIFIER = com.redrouge.TestAgain;
				PRODUCT_NAME = "$(TARGET_NAME)";
				SWIFT_VERSION = 3.0;
			};
			name = Debug;
		};
		219EC8891ECBE147006D1938 /* Release */ = {
			isa = XCBuildConfiguration;
			buildSettings = {
				ASSETCATALOG_COMPILER_APPICON_NAME = AppIcon;
				INFOPLIST_FILE = TestAgain/Info.plist;
				LD_RUNPATH_SEARCH_PATHS = "$(inherited) @executable_path/Frameworks";
				PRODUCT_BUNDLE_IDENTIFIER = com.redrouge.TestAgain;
				PRODUCT_NAME = "$(TARGET_NAME)";
				SWIFT_VERSION = 3.0;
			};
			name = Release;
		};
/* End XCBuildConfiguration section */

/* Begin XCConfigurationList section */
		219EC8701ECBE147006D1938 /* Build configuration list for PBXProject "TestAgain" */ = {
			isa = XCConfigurationList;
			buildConfigurations = (
				219EC8851ECBE147006D1938 /* Debug */,
				219EC8861ECBE147006D1938 /* Release */,
			);
			defaultConfigurationIsVisible = 0;
			defaultConfigurationName = Release;
		};
		219EC8871ECBE147006D1938 /* Build configuration list for PBXNativeTarget "TestAgain" */ = {
			isa = XCConfigurationList;
			buildConfigurations = (
				219EC8881ECBE147006D1938 /* Debug */,
				219EC8891ECBE147006D1938 /* Release */,
			);
			defaultConfigurationIsVisible = 0;
		};
/* End XCConfigurationList section */
	};
	rootObject = 219EC86D1ECBE147006D1938 /* Project object */;
}
